
Microsoft Visual Studio Solution File, Format Version 12.00
# Visual Studio Version 16
VisualStudioVersion = 16.0.30804.86
MinimumVisualStudioVersion = 10.0.40219.1
Project("{FAE04EC0-301F-11D3-BF4B-00C04F79EFBC}") = "ElectronicShop.Common", "ElectronicShop.Common\ElectronicShop.Common.csproj", "{B5141454-E681-4566-91F3-F858329D939B}"
EndProject
Project("{FAE04EC0-301F-11D3-BF4B-00C04F79EFBC}") = "ElectronicShop.Model", "ElectronicShop.Model\ElectronicShop.Model.csproj", "{E3CD93F4-BFA4-4B67-AD2C-B979DAB36257}"
EndProject
Project("{FAE04EC0-301F-11D3-BF4B-00C04F79EFBC}") = "ElectronicShop.Data", "ElectronicShop.Data\ElectronicShop.Data.csproj", "{11015CBC-0BD5-4B50-8FCA-3885DA28CDB8}"
EndProject
Project("{FAE04EC0-301F-11D3-BF4B-00C04F79EFBC}") = "ElectronicShop.Service", "ElectronicShop.Service\ElectronicShop.Service.csproj", "{31DD7C63-2C61-468F-9A73-40EDED355210}"
EndProject
Project("{FAE04EC0-301F-11D3-BF4B-00C04F79EFBC}") = "ElectronicShop.UnitTest", "ElectronicShop.UnitTest\ElectronicShop.UnitTest.csproj", "{2A6B6179-A7C3-48CE-8A80-5C0B7BE6DB86}"
EndProject
Project("{FAE04EC0-301F-11D3-BF4B-00C04F79EFBC}") = "ElectronicShop.Web", "ElectronicShop.Web\ElectronicShop.Web.csproj", "{8FD2ECC9-33A1-4AB0-8FFD-421614E651CF}"
EndProject
Global
	GlobalSection(SolutionConfigurationPlatforms) = preSolution
		Debug|Any CPU = Debug|Any CPU
		Release|Any CPU = Release|Any CPU
	EndGlobalSection
	GlobalSection(ProjectConfigurationPlatforms) = postSolution
		{B5141454-E681-4566-91F3-F858329D939B}.Debug|Any CPU.ActiveCfg = Debug|Any CPU
		{B5141454-E681-4566-91F3-F858329D939B}.Debug|Any CPU.Build.0 = Debug|Any CPU
		{B5141454-E681-4566-91F3-F858329D939B}.Release|Any CPU.ActiveCfg = Release|Any CPU
		{B5141454-E681-4566-91F3-F858329D939B}.Release|Any CPU.Build.0 = Release|Any CPU
		{E3CD93F4-BFA4-4B67-AD2C-B979DAB36257}.Debug|Any CPU.ActiveCfg = Debug|Any CPU
		{E3CD93F4-BFA4-4B67-AD2C-B979DAB36257}.Debug|Any CPU.Build.0 = Debug|Any CPU
		{E3CD93F4-BFA4-4B67-AD2C-B979DAB36257}.Release|Any CPU.ActiveCfg = Release|Any CPU
		{E3CD93F4-BFA4-4B67-AD2C-B979DAB36257}.Release|Any CPU.Build.0 = Release|Any CPU
		{11015CBC-0BD5-4B50-8FCA-3885DA28CDB8}.Debug|Any CPU.ActiveCfg = Debug|Any CPU
		{11015CBC-0BD5-4B50-8FCA-3885DA28CDB8}.Debug|Any CPU.Build.0 = Debug|Any CPU
		{11015CBC-0BD5-4B50-8FCA-3885DA28CDB8}.Release|Any CPU.ActiveCfg = Release|Any CPU
		{11015CBC-0BD5-4B50-8FCA-3885DA28CDB8}.Release|Any CPU.Build.0 = Release|Any CPU
		{31DD7C63-2C61-468F-9A73-40EDED355210}.Debug|Any CPU.ActiveCfg = Debug|Any CPU
		{31DD7C63-2C61-468F-9A73-40EDED355210}.Debug|Any CPU.Build.0 = Debug|Any CPU
		{31DD7C63-2C61-468F-9A73-40EDED355210}.Release|Any CPU.ActiveCfg = Release|Any CPU
		{31DD7C63-2C61-468F-9A73-40EDED355210}.Release|Any CPU.Build.0 = Release|Any CPU
		{2A6B6179-A7C3-48CE-8A80-5C0B7BE6DB86}.Debug|Any CPU.ActiveCfg = Debug|Any CPU
		{2A6B6179-A7C3-48CE-8A80-5C0B7BE6DB86}.Debug|Any CPU.Build.0 = Debug|Any CPU
		{2A6B6179-A7C3-48CE-8A80-5C0B7BE6DB86}.Release|Any CPU.ActiveCfg = Release|Any CPU
		{2A6B6179-A7C3-48CE-8A80-5C0B7BE6DB86}.Release|Any CPU.Build.0 = Release|Any CPU
		{8FD2ECC9-33A1-4AB0-8FFD-421614E651CF}.Debug|Any CPU.ActiveCfg = Debug|Any CPU
		{8FD2ECC9-33A1-4AB0-8FFD-421614E651CF}.Debug|Any CPU.Build.0 = Debug|Any CPU
		{8FD2ECC9-33A1-4AB0-8FFD-421614E651CF}.Release|Any CPU.ActiveCfg = Release|Any CPU
		{8FD2ECC9-33A1-4AB0-8FFD-421614E651CF}.Release|Any CPU.Build.0 = Release|Any CPU
	EndGlobalSection
	GlobalSection(SolutionProperties) = preSolution
		HideSolutionNode = FALSE
	EndGlobalSection
	GlobalSection(ExtensibilityGlobals) = postSolution
		SolutionGuid = {2325422E-81C1-4CAA-9857-1C401BA6C651}
	EndGlobalSection
EndGlobal
